
Microsoft Visual Studio Solution File, Format Version 12.00
# Visual Studio 2012
Project("{FAE04EC0-301F-11D3-BF4B-00C04F79EFBC}") = "Flowershopmanaement", "Flowershopmanaement\Flowershopmanaement.csproj", "{E510A7A3-EED5-41C5-B643-64536BDABA71}"
EndProject
Project("{FAE04EC0-301F-11D3-BF4B-00C04F79EFBC}") = "MyLibrary", "MyLibrary\MyLibrary.csproj", "{D89E83CD-CF19-43D8-A2D2-07752C1654E9}"
EndProject
Global
	GlobalSection(SolutionConfigurationPlatforms) = preSolution
		Debug|Any CPU = Debug|Any CPU
		Release|Any CPU = Release|Any CPU
	EndGlobalSection
	GlobalSection(ProjectConfigurationPlatforms) = postSolution
		{E510A7A3-EED5-41C5-B643-64536BDABA71}.Debug|Any CPU.ActiveCfg = Debug|Any CPU
		{E510A7A3-EED5-41C5-B643-64536BDABA71}.Debug|Any CPU.Build.0 = Debug|Any CPU
		{E510A7A3-EED5-41C5-B643-64536BDABA71}.Release|Any CPU.ActiveCfg = Release|Any CPU
		{E510A7A3-EED5-41C5-B643-64536BDABA71}.Release|Any CPU.Build.0 = Release|Any CPU
		{D89E83CD-CF19-43D8-A2D2-07752C1654E9}.Debug|Any CPU.ActiveCfg = Debug|Any CPU
		{D89E83CD-CF19-43D8-A2D2-07752C1654E9}.Debug|Any CPU.Build.0 = Debug|Any CPU
		{D89E83CD-CF19-43D8-A2D2-07752C1654E9}.Release|Any CPU.ActiveCfg = Release|Any CPU
		{D89E83CD-CF19-43D8-A2D2-07752C1654E9}.Release|Any CPU.Build.0 = Release|Any CPU
	EndGlobalSection
	GlobalSection(SolutionProperties) = preSolution
		HideSolutionNode = FALSE
	EndGlobalSection
EndGlobal
